
Microsoft Visual Studio Solution File, Format Version 12.00
# Visual Studio Version 16
VisualStudioVersion = 16.0.31129.286
MinimumVisualStudioVersion = 10.0.40219.1
Project("{8BC9CEB8-8B4A-11D0-8D11-00A0C91BC942}") = "Textbaserad RPG", "Textbaserad RPG\Textbaserad RPG.vcxproj", "{EBC142DF-9567-423B-8DCD-9A8A431345A3}"
EndProject
Global
	GlobalSection(SolutionConfigurationPlatforms) = preSolution
		Debug|x64 = Debug|x64
		Debug|x86 = Debug|x86
		Release|x64 = Release|x64
		Release|x86 = Release|x86
	EndGlobalSection
	GlobalSection(ProjectConfigurationPlatforms) = postSolution
		{EBC142DF-9567-423B-8DCD-9A8A431345A3}.Debug|x64.ActiveCfg = Debug|x64
		{EBC142DF-9567-423B-8DCD-9A8A431345A3}.Debug|x64.Build.0 = Debug|x64
		{EBC142DF-9567-423B-8DCD-9A8A431345A3}.Debug|x86.ActiveCfg = Debug|Win32
		{EBC142DF-9567-423B-8DCD-9A8A431345A3}.Debug|x86.Build.0 = Debug|Win32
		{EBC142DF-9567-423B-8DCD-9A8A431345A3}.Release|x64.ActiveCfg = Release|x64
		{EBC142DF-9567-423B-8DCD-9A8A431345A3}.Release|x64.Build.0 = Release|x64
		{EBC142DF-9567-423B-8DCD-9A8A431345A3}.Release|x86.ActiveCfg = Release|Win32
		{EBC142DF-9567-423B-8DCD-9A8A431345A3}.Release|x86.Build.0 = Release|Win32
	EndGlobalSection
	GlobalSection(SolutionProperties) = preSolution
		HideSolutionNode = FALSE
	EndGlobalSection
	GlobalSection(ExtensibilityGlobals) = postSolution
		SolutionGuid = {30DB1F7E-F216-4B99-A555-7FB8C5E59E24}
	EndGlobalSection
EndGlobal
